github.com/antchfx/htmlquery v1.2.1 h1:bSH+uvb5fh6gLAi2UXVwD4qGJVNJi9P+46gvPhZ+D/s=
github.com/antchfx/htmlquery v1.2.1/go.mod h1:MS9yksVSQXls00iXkiMqXr0J+umL/AmxXKuP28SUJM8=
github.com/antchfx/xpath v1.1.3 h1:daQFH0uBhQsuNLrO+YxaPUNrxM5xgTA1kGPtVE4hWpI=
github.com/antchfx/xpath v1.1.3/go.mod h1:Yee4kTMuNiPYJ7nSNorELQMr1J33uOpXDMByNYhvtNk=
github.com/gographics/imagick v3.2.0+incompatible h1:KeoHcmV7bVRKnj6tXTIcEGnyDg8kO0vPNUTC/5HzwOI=
github.com/gographics/imagick v3.2.0+incompatible/go.mod h1:gk55mrttmUSR+Vt6dxnxuD7EKU/3e5Ehe8HRGVCI8mw=
github.com/golang/groupcache v0.0.0-20191227052852-215e87163ea7 h1:5ZkaAPbicIKTF2I64qf5Fh8Aa83Q/dnOafMYV0OMwjA=
github.com/golang/groupcache v0.0.0-20191227052852-215e87163ea7/go.mod h1:cIg4eruTrX1D+g88fzRXU5OdNfaM+9IcxsU14FzY7Hc=
golang.org/x/crypto v0.0.0-20190308221718-c2843e01d9a2/go.mod h1:djNgcEr1/C05ACkg1iLfiJU5Ep61QUkGW8qpdssI0+w=
golang.org/x/net v0.0.0-20191209160850-c0dbc17a3553 h1:efeOvDhwQ29Dj3SdAV/MJf8oukgn+8D8WgaCaRMchF8=
golang.org/x/net v0.0.0-20191209160850-c0dbc17a3553/go.mod h1:z5CRVTTTmAJ677TzLLGU+0bjPO0LkuOLi4/5GtJWs/s=
golang.org/x/sys v0.0.0-20190215142949-d0b11bdaac8a/go.mod h1:STP8DvDyc/dI5b8T5hshtkjS+E42TnysNCUPdjciGhY=
golang.org/x/text v0.3.0 h1:g61tztE5qeGQ89tm6NTjjM9VPIm088od1l6aSorWRWg=
golang.org/x/text v0.3.0/go.mod h1:NqM8EUOU14njkJ3fqMW+pc6Ldnwhi/IjpwHt7yyuwOQ=
gopkg.in/gographics/imagick.v2 v2.6.0 h1:ewRsUQk3QkjGumERlndbFn/kTYRjyMaPY5gxwpuAhik=
gopkg.in/gographics/imagick.v2 v2.6.0/go.mod h1:/QVPLV/iKdNttRKthmDkeeGg+vdHurVEPc8zkU0XgBk=
gopkg.in/gographics/imagick.v3 v3.3.0 h1:MI9qkquiNDmrSGnTG2241GZqOUgEfR7KQpVsVLxiylk=
gopkg.in/gographics/imagick.v3 v3.3.0/go.mod h1:+Q9nyA2xRZXrDyTtJ/eko+8V/5E7bWYs08ndkZp8UmA=
